
Microsoft Visual Studio Solution File, Format Version 12.00
# Visual Studio Version 17
VisualStudioVersion = 17.5.33414.496
MinimumVisualStudioVersion = 10.0.40219.1
Project("{FAE04EC0-301F-11D3-BF4B-00C04F79EFBC}") = "Vezeeta", "Vezeeta.csproj", "{7758F7EA-03F3-4D1A-BD1B-594B77699239}"
EndProject
Project("{FAE04EC0-301F-11D3-BF4B-00C04F79EFBC}") = "Service", "..\Service\Service.csproj", "{9327A8DA-238A-4F41-9C6F-725E7A9FC3C0}"
EndProject
Project("{FAE04EC0-301F-11D3-BF4B-00C04F79EFBC}") = "Repository", "..\Repository\Repository.csproj", "{CF88C417-3CC6-403A-A020-2686F9C3BEDB}"
EndProject
Project("{FAE04EC0-301F-11D3-BF4B-00C04F79EFBC}") = "Core", "..\Core\Core.csproj", "{2C250272-0A0D-49D6-8396-FEF15FC8AF3E}"
EndProject
Project("{FAE04EC0-301F-11D3-BF4B-00C04F79EFBC}") = "DependencyInjection", "..\DependencyInjection\DependencyInjection.csproj", "{C103D5C8-AEE6-4A36-81E8-8D0E614ABF96}"
EndProject
Global
	GlobalSection(SolutionConfigurationPlatforms) = preSolution
		Debug|Any CPU = Debug|Any CPU
		Release|Any CPU = Release|Any CPU
	EndGlobalSection
	GlobalSection(ProjectConfigurationPlatforms) = postSolution
		{7758F7EA-03F3-4D1A-BD1B-594B77699239}.Debug|Any CPU.ActiveCfg = Debug|Any CPU
		{7758F7EA-03F3-4D1A-BD1B-594B77699239}.Debug|Any CPU.Build.0 = Debug|Any CPU
		{7758F7EA-03F3-4D1A-BD1B-594B77699239}.Release|Any CPU.ActiveCfg = Release|Any CPU
		{7758F7EA-03F3-4D1A-BD1B-594B77699239}.Release|Any CPU.Build.0 = Release|Any CPU
		{9327A8DA-238A-4F41-9C6F-725E7A9FC3C0}.Debug|Any CPU.ActiveCfg = Debug|Any CPU
		{9327A8DA-238A-4F41-9C6F-725E7A9FC3C0}.Debug|Any CPU.Build.0 = Debug|Any CPU
		{9327A8DA-238A-4F41-9C6F-725E7A9FC3C0}.Release|Any CPU.ActiveCfg = Release|Any CPU
		{9327A8DA-238A-4F41-9C6F-725E7A9FC3C0}.Release|Any CPU.Build.0 = Release|Any CPU
		{CF88C417-3CC6-403A-A020-2686F9C3BEDB}.Debug|Any CPU.ActiveCfg = Debug|Any CPU
		{CF88C417-3CC6-403A-A020-2686F9C3BEDB}.Debug|Any CPU.Build.0 = Debug|Any CPU
		{CF88C417-3CC6-403A-A020-2686F9C3BEDB}.Release|Any CPU.ActiveCfg = Release|Any CPU
		{CF88C417-3CC6-403A-A020-2686F9C3BEDB}.Release|Any CPU.Build.0 = Release|Any CPU
		{2C250272-0A0D-49D6-8396-FEF15FC8AF3E}.Debug|Any CPU.ActiveCfg = Debug|Any CPU
		{2C250272-0A0D-49D6-8396-FEF15FC8AF3E}.Debug|Any CPU.Build.0 = Debug|Any CPU
		{2C250272-0A0D-49D6-8396-FEF15FC8AF3E}.Release|Any CPU.ActiveCfg = Release|Any CPU
		{2C250272-0A0D-49D6-8396-FEF15FC8AF3E}.Release|Any CPU.Build.0 = Release|Any CPU
		{C103D5C8-AEE6-4A36-81E8-8D0E614ABF96}.Debug|Any CPU.ActiveCfg = Debug|Any CPU
		{C103D5C8-AEE6-4A36-81E8-8D0E614ABF96}.Debug|Any CPU.Build.0 = Debug|Any CPU
		{C103D5C8-AEE6-4A36-81E8-8D0E614ABF96}.Release|Any CPU.ActiveCfg = Release|Any CPU
		{C103D5C8-AEE6-4A36-81E8-8D0E614ABF96}.Release|Any CPU.Build.0 = Release|Any CPU
	EndGlobalSection
	GlobalSection(SolutionProperties) = preSolution
		HideSolutionNode = FALSE
	EndGlobalSection
	GlobalSection(ExtensibilityGlobals) = postSolution
		SolutionGuid = {1481F400-04C4-42B1-B09E-ADC560569AF4}
	EndGlobalSection
EndGlobal
